
Microsoft Visual Studio Solution File, Format Version 12.00
# Visual Studio Version 16
VisualStudioVersion = 16.0.30907.101
MinimumVisualStudioVersion = 10.0.40219.1
Project("{9A19103F-16F7-4668-BE54-9A1E7A4F7556}") = "Ch6-Ch7-tree-data-structure", "Ch6-tree-data-structure\Ch6-Ch7-tree-data-structure.csproj", "{604066A1-A160-4518-9AA8-3868106ED47F}"
EndProject
Project("{9A19103F-16F7-4668-BE54-9A1E7A4F7556}") = "data-structure-test", "data-structure-test\data-structure-test.csproj", "{62B4AE82-42D0-4438-89E1-2A4C09A95DEF}"
EndProject
Global
	GlobalSection(SolutionConfigurationPlatforms) = preSolution
		Debug|Any CPU = Debug|Any CPU
		Release|Any CPU = Release|Any CPU
	EndGlobalSection
	GlobalSection(ProjectConfigurationPlatforms) = postSolution
		{604066A1-A160-4518-9AA8-3868106ED47F}.Debug|Any CPU.ActiveCfg = Debug|Any CPU
		{604066A1-A160-4518-9AA8-3868106ED47F}.Debug|Any CPU.Build.0 = Debug|Any CPU
		{604066A1-A160-4518-9AA8-3868106ED47F}.Release|Any CPU.ActiveCfg = Release|Any CPU
		{604066A1-A160-4518-9AA8-3868106ED47F}.Release|Any CPU.Build.0 = Release|Any CPU
		{62B4AE82-42D0-4438-89E1-2A4C09A95DEF}.Debug|Any CPU.ActiveCfg = Debug|Any CPU
		{62B4AE82-42D0-4438-89E1-2A4C09A95DEF}.Debug|Any CPU.Build.0 = Debug|Any CPU
		{62B4AE82-42D0-4438-89E1-2A4C09A95DEF}.Release|Any CPU.ActiveCfg = Release|Any CPU
		{62B4AE82-42D0-4438-89E1-2A4C09A95DEF}.Release|Any CPU.Build.0 = Release|Any CPU
	EndGlobalSection
	GlobalSection(SolutionProperties) = preSolution
		HideSolutionNode = FALSE
	EndGlobalSection
	GlobalSection(ExtensibilityGlobals) = postSolution
		SolutionGuid = {3D408FD9-031E-4096-A8F3-39B294A22C1F}
	EndGlobalSection
EndGlobal
