
Microsoft Visual Studio Solution File, Format Version 12.00
# Visual Studio Version 16
VisualStudioVersion = 16.0.31702.278
MinimumVisualStudioVersion = 10.0.40219.1
Project("{9A19103F-16F7-4668-BE54-9A1E7A4F7556}") = "Alg4Exercise", "SortCompare\Alg4Exercise.csproj", "{3055618C-724B-4066-A2FB-BD977245EB7B}"
EndProject
Global
	GlobalSection(SolutionConfigurationPlatforms) = preSolution
		Debug|Any CPU = Debug|Any CPU
		Release|Any CPU = Release|Any CPU
	EndGlobalSection
	GlobalSection(ProjectConfigurationPlatforms) = postSolution
		{3055618C-724B-4066-A2FB-BD977245EB7B}.Debug|Any CPU.ActiveCfg = Debug|Any CPU
		{3055618C-724B-4066-A2FB-BD977245EB7B}.Debug|Any CPU.Build.0 = Debug|Any CPU
		{3055618C-724B-4066-A2FB-BD977245EB7B}.Release|Any CPU.ActiveCfg = Release|Any CPU
		{3055618C-724B-4066-A2FB-BD977245EB7B}.Release|Any CPU.Build.0 = Release|Any CPU
	EndGlobalSection
	GlobalSection(SolutionProperties) = preSolution
		HideSolutionNode = FALSE
	EndGlobalSection
	GlobalSection(ExtensibilityGlobals) = postSolution
		SolutionGuid = {341E00D9-F8EE-414B-8D9F-0C824D3DBA97}
	EndGlobalSection
EndGlobal
